
Microsoft Visual Studio Solution File, Format Version 12.00
# Visual Studio Version 16
VisualStudioVersion = 16.0.30002.166
MinimumVisualStudioVersion = 10.0.40219.1
Project("{FAE04EC0-301F-11D3-BF4B-00C04F79EFBC}") = "AqualityTracking.Integrations.Core", "AqualityTracking.Integrations.Core\AqualityTracking.Integrations.Core.csproj", "{0FE70831-5707-48AA-AD1E-8EC02E04C177}"
EndProject
Global
	GlobalSection(SolutionConfigurationPlatforms) = preSolution
		Debug|Any CPU = Debug|Any CPU
		Release|Any CPU = Release|Any CPU
	EndGlobalSection
	GlobalSection(ProjectConfigurationPlatforms) = postSolution
		{0FE70831-5707-48AA-AD1E-8EC02E04C177}.Debug|Any CPU.ActiveCfg = Debug|Any CPU
		{0FE70831-5707-48AA-AD1E-8EC02E04C177}.Debug|Any CPU.Build.0 = Debug|Any CPU
		{0FE70831-5707-48AA-AD1E-8EC02E04C177}.Release|Any CPU.ActiveCfg = Release|Any CPU
		{0FE70831-5707-48AA-AD1E-8EC02E04C177}.Release|Any CPU.Build.0 = Release|Any CPU
	EndGlobalSection
	GlobalSection(SolutionProperties) = preSolution
		HideSolutionNode = FALSE
	EndGlobalSection
	GlobalSection(ExtensibilityGlobals) = postSolution
		SolutionGuid = {CC3B552A-F385-48E0-8496-DE13B78ECAED}
	EndGlobalSection
EndGlobal
