Microsoft Visual Studio Solution File, Format Version 12.00
# Visual Studio Version 17
VisualStudioVersion = 17.5.2.0
MinimumVisualStudioVersion = 10.0.40219.1
Project("{FAE04EC0-301F-11D3-BF4B-00C04F79EFBC}") = "AqualityTracking.ReqnrollPlugin", "AqualityTracking.ReqnrollPlugin.csproj", "{239FB2C5-8921-22ED-E4B7-C64D7C800C68}"
EndProject
Global
	GlobalSection(SolutionConfigurationPlatforms) = preSolution
		Debug|Any CPU = Debug|Any CPU
		Release|Any CPU = Release|Any CPU
	EndGlobalSection
	GlobalSection(ProjectConfigurationPlatforms) = postSolution
		{239FB2C5-8921-22ED-E4B7-C64D7C800C68}.Debug|Any CPU.ActiveCfg = Debug|Any CPU
		{239FB2C5-8921-22ED-E4B7-C64D7C800C68}.Debug|Any CPU.Build.0 = Debug|Any CPU
		{239FB2C5-8921-22ED-E4B7-C64D7C800C68}.Release|Any CPU.ActiveCfg = Release|Any CPU
		{239FB2C5-8921-22ED-E4B7-C64D7C800C68}.Release|Any CPU.Build.0 = Release|Any CPU
	EndGlobalSection
	GlobalSection(SolutionProperties) = preSolution
		HideSolutionNode = FALSE
	EndGlobalSection
	GlobalSection(ExtensibilityGlobals) = postSolution
		SolutionGuid = {BEAE39F7-AEA9-4D8E-BD79-3971847C8D4F}
	EndGlobalSection
EndGlobal
